
Microsoft Visual Studio Solution File, Format Version 12.00
# Visual Studio Version 16
VisualStudioVersion = 16.0.31019.35
MinimumVisualStudioVersion = 10.0.40219.1
Project("{9A19103F-16F7-4668-BE54-9A1E7A4F7556}") = "AppNetS22021.Server", "Server\AppNetS22021.Server.csproj", "{2FBF850F-9992-4426-8D85-8A9DAF12D9A4}"
EndProject
Project("{9A19103F-16F7-4668-BE54-9A1E7A4F7556}") = "AppNetS22021.Client", "Client\AppNetS22021.Client.csproj", "{1F362708-987C-45C9-AA61-C5C84CF1F07B}"
EndProject
Project("{9A19103F-16F7-4668-BE54-9A1E7A4F7556}") = "AppNetS22021.Shared", "Shared\AppNetS22021.Shared.csproj", "{3AF81FEE-D07B-4ED6-8074-C1DAB3FF7D2D}"
EndProject
Global
	GlobalSection(SolutionConfigurationPlatforms) = preSolution
		Debug|Any CPU = Debug|Any CPU
		Release|Any CPU = Release|Any CPU
	EndGlobalSection
	GlobalSection(ProjectConfigurationPlatforms) = postSolution
		{2FBF850F-9992-4426-8D85-8A9DAF12D9A4}.Debug|Any CPU.ActiveCfg = Debug|Any CPU
		{2FBF850F-9992-4426-8D85-8A9DAF12D9A4}.Debug|Any CPU.Build.0 = Debug|Any CPU
		{2FBF850F-9992-4426-8D85-8A9DAF12D9A4}.Release|Any CPU.ActiveCfg = Release|Any CPU
		{2FBF850F-9992-4426-8D85-8A9DAF12D9A4}.Release|Any CPU.Build.0 = Release|Any CPU
		{1F362708-987C-45C9-AA61-C5C84CF1F07B}.Debug|Any CPU.ActiveCfg = Debug|Any CPU
		{1F362708-987C-45C9-AA61-C5C84CF1F07B}.Debug|Any CPU.Build.0 = Debug|Any CPU
		{1F362708-987C-45C9-AA61-C5C84CF1F07B}.Release|Any CPU.ActiveCfg = Release|Any CPU
		{1F362708-987C-45C9-AA61-C5C84CF1F07B}.Release|Any CPU.Build.0 = Release|Any CPU
		{3AF81FEE-D07B-4ED6-8074-C1DAB3FF7D2D}.Debug|Any CPU.ActiveCfg = Debug|Any CPU
		{3AF81FEE-D07B-4ED6-8074-C1DAB3FF7D2D}.Debug|Any CPU.Build.0 = Debug|Any CPU
		{3AF81FEE-D07B-4ED6-8074-C1DAB3FF7D2D}.Release|Any CPU.ActiveCfg = Release|Any CPU
		{3AF81FEE-D07B-4ED6-8074-C1DAB3FF7D2D}.Release|Any CPU.Build.0 = Release|Any CPU
	EndGlobalSection
	GlobalSection(SolutionProperties) = preSolution
		HideSolutionNode = FALSE
	EndGlobalSection
	GlobalSection(ExtensibilityGlobals) = postSolution
		SolutionGuid = {CD7C3DBE-9B6E-4EFE-BFCB-CDEE5DB10ECD}
	EndGlobalSection
EndGlobal
